{
  "lockfile_version": "1",
  "packages": {
    "fuse3@3.16.2": {
      "last_modified": "2025-05-07T00:09:58Z",
      "resolved": "github:NixOS/nixpkgs/b3582c75c7f21ce0b429898980eddbbf05c68e55#fuse3",
      "source": "devbox-search",
      "version": "3.16.2",
      "systems": {
        "aarch64-linux": {
          "outputs": [
            {
              "name": "bin",
              "path": "/nix/store/69pyi63b3jklck64wnv6q8s80kdw1r6b-fuse-3.16.2-bin",
              "default": true
            },
            {
              "name": "udev",
              "path": "/nix/store/wal8am0dri5l6amjab02a176jfs35x3i-fuse-3.16.2-udev"
            },
            {
              "name": "dev",
              "path": "/nix/store/zizmv7gg5lxngw58avikccs8bhcgg3g0-fuse-3.16.2-dev"
            },
            {
              "name": "man",
              "path": "/nix/store/v7g7ibw1qzgls930jx23lqgvrjcd9zgp-fuse-3.16.2-man"
            },
            {
              "name": "out",
              "path": "/nix/store/qfclwhq37parkn5qj9lf4a2chxplf53a-fuse-3.16.2"
            }
          ],
          "store_path": "/nix/store/69pyi63b3jklck64wnv6q8s80kdw1r6b-fuse-3.16.2-bin"
        },
        "x86_64-linux": {
          "outputs": [
            {
              "name": "bin",
              "path": "/nix/store/ny6620iw79j6qr1xddjdc8b8dykpmva6-fuse-3.16.2-bin",
              "default": true
            },
            {
              "name": "udev",
              "path": "/nix/store/j6fk9q8zq2slpihwir9mv4ijlpb1r9rc-fuse-3.16.2-udev"
            },
            {
              "name": "dev",
              "path": "/nix/store/y470mvdgmjyvg958720mlgky8jhli4d3-fuse-3.16.2-dev"
            },
            {
              "name": "man",
              "path": "/nix/store/4ra917djqdnp8r6xfz0idwvccymr27ww-fuse-3.16.2-man"
            },
            {
              "name": "out",
              "path": "/nix/store/90l74wy9iryihvxbvprpi53kia9qrww5-fuse-3.16.2"
            }
          ],
          "store_path": "/nix/store/ny6620iw79j6qr1xddjdc8b8dykpmva6-fuse-3.16.2-bin"
        }
      }
    },
    "github:NixOS/nixpkgs/nixpkgs-unstable": {
      "resolved": "github:NixOS/nixpkgs/b3582c75c7f21ce0b429898980eddbbf05c68e55?lastModified=1746576598&narHash=sha256-FshoQvr6Aor5SnORVvh%2FZdJ1Sa2U4ZrIMwKBX5k2wu0%3D"
    },
    "go-task@latest": {
      "last_modified": "2025-05-06T08:06:31Z",
      "resolved": "github:NixOS/nixpkgs/1cb1c02a6b1b7cf67e3d7731cbbf327a53da9679#go-task",
      "source": "devbox-search",
      "version": "3.43.2",
      "systems": {
        "aarch64-darwin": {
          "outputs": [
            {
              "name": "out",
              "path": "/nix/store/39hrm5b9bla7mxbbqf9n1c5a4k5kswln-go-task-3.43.2",
              "default": true
            }
          ],
          "store_path": "/nix/store/39hrm5b9bla7mxbbqf9n1c5a4k5kswln-go-task-3.43.2"
        },
        "aarch64-linux": {
          "outputs": [
            {
              "name": "out",
              "path": "/nix/store/7a1wimm8z159vrb0sx86s39vlwy7nfbz-go-task-3.43.2",
              "default": true
            }
          ],
          "store_path": "/nix/store/7a1wimm8z159vrb0sx86s39vlwy7nfbz-go-task-3.43.2"
        },
        "x86_64-darwin": {
          "outputs": [
            {
              "name": "out",
              "path": "/nix/store/fzs7djm360kivv5dfrlrm6792b6zf14n-go-task-3.43.2",
              "default": true
            }
          ],
          "store_path": "/nix/store/fzs7djm360kivv5dfrlrm6792b6zf14n-go-task-3.43.2"
        },
        "x86_64-linux": {
          "outputs": [
            {
              "name": "out",
              "path": "/nix/store/pnyim2vhfwqh8bqrbd9vwbhqj1vsx2lx-go-task-3.43.2",
              "default": true
            }
          ],
          "store_path": "/nix/store/pnyim2vhfwqh8bqrbd9vwbhqj1vsx2lx-go-task-3.43.2"
        }
      }
    },
    "go@1.24": {
      "last_modified": "2025-05-06T08:06:31Z",
      "resolved": "github:NixOS/nixpkgs/1cb1c02a6b1b7cf67e3d7731cbbf327a53da9679#go",
      "source": "devbox-search",
      "version": "1.24.2",
      "systems": {
        "aarch64-darwin": {
          "outputs": [
            {
              "name": "out",
              "path": "/nix/store/fd2s1z3why92qn8w7j6r0xlarikpv27v-go-1.24.2",
              "default": true
            }
          ],
          "store_path": "/nix/store/fd2s1z3why92qn8w7j6r0xlarikpv27v-go-1.24.2"
        },
        "aarch64-linux": {
          "outputs": [
            {
              "name": "out",
              "path": "/nix/store/kxiwzqk0rg2qfw2n246cgp9p5k46zw72-go-1.24.2",
              "default": true
            }
          ],
          "store_path": "/nix/store/kxiwzqk0rg2qfw2n246cgp9p5k46zw72-go-1.24.2"
        },
        "x86_64-darwin": {
          "outputs": [
            {
              "name": "out",
              "path": "/nix/store/m69ix2b1g4npzx093dxvbx3z5gzd0c1n-go-1.24.2",
              "default": true
            }
          ],
          "store_path": "/nix/store/m69ix2b1g4npzx093dxvbx3z5gzd0c1n-go-1.24.2"
        },
        "x86_64-linux": {
          "outputs": [
            {
              "name": "out",
              "path": "/nix/store/czwkf2ly24qy4gssd2scmjklp36b3pda-go-1.24.2",
              "default": true
            }
          ],
          "store_path": "/nix/store/czwkf2ly24qy4gssd2scmjklp36b3pda-go-1.24.2"
        }
      }
    },
    "golangci-lint@2.0.0": {
      "last_modified": "2025-03-25T17:32:05Z",
      "resolved": "github:NixOS/nixpkgs/25d1b84f5c90632a623c48d83a2faf156451e6b1#golangci-lint",
      "source": "devbox-search",
      "version": "2.0.0",
      "systems": {
        "aarch64-darwin": {
          "outputs": [
            {
              "name": "out",
              "path": "/nix/store/idv9cyl4i6w9n4sgc29kvqhywm04n1rz-golangci-lint-2.0.0",
              "default": true
            }
          ],
          "store_path": "/nix/store/idv9cyl4i6w9n4sgc29kvqhywm04n1rz-golangci-lint-2.0.0"
        },
        "aarch64-linux": {
          "outputs": [
            {
              "name": "out",
              "path": "/nix/store/r0jxwvqvk2999dx04v3j9jgd46jscqc4-golangci-lint-2.0.0",
              "default": true
            }
          ],
          "store_path": "/nix/store/r0jxwvqvk2999dx04v3j9jgd46jscqc4-golangci-lint-2.0.0"
        },
        "x86_64-darwin": {
          "outputs": [
            {
              "name": "out",
              "path": "/nix/store/lsyy8arab3zvkpi8lr9303mf88y5k1rc-golangci-lint-2.0.0",
              "default": true
            }
          ],
          "store_path": "/nix/store/lsyy8arab3zvkpi8lr9303mf88y5k1rc-golangci-lint-2.0.0"
        },
        "x86_64-linux": {
          "outputs": [
            {
              "name": "out",
              "path": "/nix/store/834gvbmhpwvy1d65r5x4xihkxm4g91ab-golangci-lint-2.0.0",
              "default": true
            }
          ],
          "store_path": "/nix/store/834gvbmhpwvy1d65r5x4xihkxm4g91ab-golangci-lint-2.0.0"
        }
      }
    },
    "revive@latest": {
      "last_modified": "2025-05-06T08:06:31Z",
      "resolved": "github:NixOS/nixpkgs/1cb1c02a6b1b7cf67e3d7731cbbf327a53da9679#revive",
      "source": "devbox-search",
      "version": "1.9.0",
      "systems": {
        "aarch64-darwin": {
          "outputs": [
            {
              "name": "out",
              "path": "/nix/store/fdlhc9jkc3irq43sdak7f7lz2w8mlvkp-revive-1.9.0",
              "default": true
            }
          ],
          "store_path": "/nix/store/fdlhc9jkc3irq43sdak7f7lz2w8mlvkp-revive-1.9.0"
        },
        "aarch64-linux": {
          "outputs": [
            {
              "name": "out",
              "path": "/nix/store/k6kab3b7m7q2a9qcxy5rfzgi18jj60br-revive-1.9.0",
              "default": true
            }
          ],
          "store_path": "/nix/store/k6kab3b7m7q2a9qcxy5rfzgi18jj60br-revive-1.9.0"
        },
        "x86_64-darwin": {
          "outputs": [
            {
              "name": "out",
              "path": "/nix/store/lq5sv776w8hnwps8clb3g3rha9zff5j6-revive-1.9.0",
              "default": true
            }
          ],
          "store_path": "/nix/store/lq5sv776w8hnwps8clb3g3rha9zff5j6-revive-1.9.0"
        },
        "x86_64-linux": {
          "outputs": [
            {
              "name": "out",
              "path": "/nix/store/803zs2cghf7wchskki16f2zzcp3wxqfv-revive-1.9.0",
              "default": true
            }
          ],
          "store_path": "/nix/store/803zs2cghf7wchskki16f2zzcp3wxqfv-revive-1.9.0"
        }
      }
    }
  }
}
